Microsoft Visual Studio Solution File, Format Version 12.00
# Visual Studio Version 16
VisualStudioVersion = 16.0.29509.3
MinimumVisualStudioVersion = 10.0.40219.1
Project("{E24C65DC-7377-472B-9ABA-BC803B73C61A}") = "Metro", "http://localhost:14787", "{DF0F4B1B-2469-4A66-A777-DA55CF2C7E91}"
	ProjectSection(WebsiteProperties) = preProject
		UseIISExpress = "true"
		TargetFrameworkMoniker = ".NETFramework,Version%3Dv4.5"
		ProjectReferences = ""
		Debug.AspNetCompiler.VirtualPath = "/localhost_14787"
		Debug.AspNetCompiler.PhysicalPath = "Metro\"
		Debug.AspNetCompiler.TargetPath = "PrecompiledWeb\localhost_14787\"
		Debug.AspNetCompiler.Updateable = "true"
		Debug.AspNetCompiler.ForceOverwrite = "true"
		Debug.AspNetCompiler.FixedNames = "false"
		Debug.AspNetCompiler.Debug = "True"
		Release.AspNetCompiler.VirtualPath = "/localhost_14787"
		Release.AspNetCompiler.PhysicalPath = "Metro\"
		Release.AspNetCompiler.TargetPath = "PrecompiledWeb\localhost_14787\"
		Release.AspNetCompiler.Updateable = "true"
		Release.AspNetCompiler.ForceOverwrite = "true"
		Release.AspNetCompiler.FixedNames = "false"
		Release.AspNetCompiler.Debug = "False"
		SlnRelativePath = "Metro\"
		DefaultWebSiteLanguage = "Visual C#"
	EndProjectSection
EndProject
Global
	GlobalSection(SolutionConfigurationPlatforms) = preSolution
		Debug|Any CPU = Debug|Any CPU
		Release|Any CPU = Release|Any CPU
	EndGlobalSection
	GlobalSection(ProjectConfigurationPlatforms) = postSolution
		{DF0F4B1B-2469-4A66-A777-DA55CF2C7E91}.Debug|Any CPU.ActiveCfg = Debug|Any CPU
		{DF0F4B1B-2469-4A66-A777-DA55CF2C7E91}.Debug|Any CPU.Build.0 = Debug|Any CPU
		{DF0F4B1B-2469-4A66-A777-DA55CF2C7E91}.Release|Any CPU.ActiveCfg = Debug|Any CPU
		{DF0F4B1B-2469-4A66-A777-DA55CF2C7E91}.Release|Any CPU.Build.0 = Debug|Any CPU
	EndGlobalSection
	GlobalSection(SolutionProperties) = preSolution
		HideSolutionNode = FALSE
	EndGlobalSection
	GlobalSection(ExtensibilityGlobals) = postSolution
		SolutionGuid = {9F602F14-D629-4587-BA5E-14C7D4769CFB}
	EndGlobalSection
EndGlobal
